
Microsoft Visual Studio Solution File, Format Version 12.00
# Visual Studio 2012
Project("{FAE04EC0-301F-11D3-BF4B-00C04F79EFBC}") = "MvcApp_csom_irib_01", "MvcApp_csom_irib_01\MvcApp_csom_irib_01.csproj", "{715CFBE8-C521-48E9-A06A-26A8FC7E59EE}"
EndProject
Global
	GlobalSection(SolutionConfigurationPlatforms) = preSolution
		Debug|Any CPU = Debug|Any CPU
		Release|Any CPU = Release|Any CPU
	EndGlobalSection
	GlobalSection(ProjectConfigurationPlatforms) = postSolution
		{715CFBE8-C521-48E9-A06A-26A8FC7E59EE}.Debug|Any CPU.ActiveCfg = Debug|Any CPU
		{715CFBE8-C521-48E9-A06A-26A8FC7E59EE}.Debug|Any CPU.Build.0 = Debug|Any CPU
		{715CFBE8-C521-48E9-A06A-26A8FC7E59EE}.Release|Any CPU.ActiveCfg = Release|Any CPU
		{715CFBE8-C521-48E9-A06A-26A8FC7E59EE}.Release|Any CPU.Build.0 = Release|Any CPU
	EndGlobalSection
	GlobalSection(SolutionProperties) = preSolution
		HideSolutionNode = FALSE
	EndGlobalSection
EndGlobal
